// !$*UTF8*$!
{
	archiveVersion = 1;
	classes = {
	};
	objectVersion = 46;
	objects = {

/* Begin PBXBuildFile section */
		4C58F2751A1807300008DB7C /* main.m in Sources */ = {isa = PBXBuildFile; fileRef = 4C58F2741A1807300008DB7C /* main.m */; };
		4C58F2781A1807300008DB7C /* AppDelegate.m in Sources */ = {isa = PBXBuildFile; fileRef = 4C58F2771A1807300008DB7C /* AppDelegate.m */; };
		4C58F27B1A1807300008DB7C /* ViewController.m in Sources */ = {isa = PBXBuildFile; fileRef = 4C58F27A1A1807300008DB7C /* ViewController.m */; };
		4C58F27E1A1807300008DB7C /* Main.storyboard in Resources */ = {isa = PBXBuildFile; fileRef = 4C58F27C1A1807300008DB7C /* Main.storyboard */; };
		4C58F2801A1807300008DB7C /* Images.xcassets in Resources */ = {isa = PBXBuildFile; fileRef = 4C58F27F1A1807300008DB7C /* Images.xcassets */; };
		4C58F2831A1807300008DB7C /* LaunchScreen.xib in Resources */ = {isa = PBXBuildFile; fileRef = 4C58F2811A1807300008DB7C /* LaunchScreen.xib */; };
		4C58F28F1A1807300008DB7C /* Set_Calculator_AppTests.m in Sources */ = {isa = PBXBuildFile; fileRef = 4C58F28E1A1807300008DB7C /* Set_Calculator_AppTests.m */; };
/* End PBXBuildFile section */

/* Begin PBXContainerItemProxy section */
		4C58F2891A1807300008DB7C /* PBXContainerItemProxy */ = {
			isa = PBXContainerItemProxy;
			containerPortal = 4C58F2671A1807300008DB7C /* Project object */;
			proxyType = 1;
			remoteGlobalIDString = 4C58F26E1A1807300008DB7C;
			remoteInfo = "Set Calculator App";
		};
/* End PBXContainerItemProxy section */

/* Begin PBXFileReference section */
		4C58F26F1A1807300008DB7C /* Set Calculator App.app */ = {isa = PBXFileReference; explicitFileType = wrapper.application; includeInIndex = 0; path = "Set Calculator App.app"; sourceTree = BUILT_PRODUCTS_DIR; };
		4C58F2731A1807300008DB7C /* Info.plist */ = {isa = PBXFileReference; lastKnownFileType = text.plist.xml; path = Info.plist; sourceTree = "<group>"; };
		4C58F2741A1807300008DB7C /* main.m */ = {isa = PBXFileReference; lastKnownFileType = sourcecode.c.objc; path = main.m; sourceTree = "<group>"; };
		4C58F2761A1807300008DB7C /* AppDelegate.h */ = {isa = PBXFileReference; lastKnownFileType = sourcecode.c.h; path = AppDelegate.h; sourceTree = "<group>"; };
		4C58F2771A1807300008DB7C /* AppDelegate.m */ = {isa = PBXFileReference; lastKnownFileType = sourcecode.c.objc; path = AppDelegate.m; sourceTree = "<group>"; };
		4C58F2791A1807300008DB7C /* ViewController.h */ = {isa = PBXFileReference; lastKnownFileType = sourcecode.c.h; path = ViewController.h; sourceTree = "<group>"; };
		4C58F27A1A1807300008DB7C /* ViewController.m */ = {isa = PBXFileReference; lastKnownFileType = sourcecode.c.objc; path = ViewController.m; sourceTree = "<group>"; };
		4C58F27D1A1807300008DB7C /* Base */ = {isa = PBXFileReference; lastKnownFileType = file.storyboard; name = Base; path = Base.lproj/Main.storyboard; sourceTree = "<group>"; };
		4C58F27F1A1807300008DB7C /* Images.xcassets */ = {isa = PBXFileReference; lastKnownFileType = folder.assetcatalog; path = Images.xcassets; sourceTree = "<group>"; };
		4C58F2821A1807300008DB7C /* Base */ = {isa = PBXFileReference; lastKnownFileType = file.xib; name = Base; path = Base.lproj/LaunchScreen.xib; sourceTree = "<group>"; };
		4C58F2881A1807300008DB7C /* Set Calculator AppTests.xctest */ = {isa = PBXFileReference; explicitFileType = wrapper.cfbundle; includeInIndex = 0; path = "Set Calculator AppTests.xctest"; sourceTree = BUILT_PRODUCTS_DIR; };
		4C58F28D1A1807300008DB7C /* Info.plist */ = {isa = PBXFileReference; lastKnownFileType = text.plist.xml; path = Info.plist; sourceTree = "<group>"; };
		4C58F28E1A1807300008DB7C /* Set_Calculator_AppTests.m */ = {isa = PBXFileReference; lastKnownFileType = sourcecode.c.objc; path = Set_Calculator_AppTests.m; sourceTree = "<group>"; };
/* End PBXFileReference section */

/* Begin PBXFrameworksBuildPhase section */
		4C58F26C1A1807300008DB7C /* Frameworks */ = {
			isa = PBXFrameworksBuildPhase;
			buildActionMask = 2147483647;
			files = (
			);
			runOnlyForDeploymentPostprocessing = 0;
		};
		4C58F2851A1807300008DB7C /* Frameworks */ = {
			isa = PBXFrameworksBuildPhase;
			buildActionMask = 2147483647;
			files = (
			);
			runOnlyForDeploymentPostprocessing = 0;
		};
/* End PBXFrameworksBuildPhase section */

/* Begin PBXGroup section */
		4C58F2661A1807300008DB7C = {
			isa = PBXGroup;
			children = (
				4C58F2711A1807300008DB7C /* Set Calculator App */,
				4C58F28B1A1807300008DB7C /* Set Calculator AppTests */,
				4C58F2701A1807300008DB7C /* Products */,
			);
			sourceTree = "<group>";
		};
		4C58F2701A1807300008DB7C /* Products */ = {
			isa = PBXGroup;
			children = (
				4C58F26F1A1807300008DB7C /* Set Calculator App.app */,
				4C58F2881A1807300008DB7C /* Set Calculator AppTests.xctest */,
			);
			name = Products;
			sourceTree = "<group>";
		};
		4C58F2711A1807300008DB7C /* Set Calculator App */ = {
			isa = PBXGroup;
			children = (
				4C58F2761A1807300008DB7C /* AppDelegate.h */,
				4C58F2771A1807300008DB7C /* AppDelegate.m */,
				4C58F2791A1807300008DB7C /* ViewController.h */,
				4C58F27A1A1807300008DB7C /* ViewController.m */,
				4C58F27C1A1807300008DB7C /* Main.storyboard */,
				4C58F27F1A1807300008DB7C /* Images.xcassets */,
				4C58F2811A1807300008DB7C /* LaunchScreen.xib */,
				4C58F2721A1807300008DB7C /* Supporting Files */,
			);
			path = "Set Calculator App";
			sourceTree = "<group>";
		};
		4C58F2721A1807300008DB7C /* Supporting Files */ = {
			isa = PBXGroup;
			children = (
				4C58F2731A1807300008DB7C /* Info.plist */,
				4C58F2741A1807300008DB7C /* main.m */,
			);
			name = "Supporting Files";
			sourceTree = "<group>";
		};
		4C58F28B1A1807300008DB7C /* Set Calculator AppTests */ = {
			isa = PBXGroup;
			children = (
				4C58F28E1A1807300008DB7C /* Set_Calculator_AppTests.m */,
				4C58F28C1A1807300008DB7C /* Supporting Files */,
			);
			path = "Set Calculator AppTests";
			sourceTree = "<group>";
		};
		4C58F28C1A1807300008DB7C /* Supporting Files */ = {
			isa = PBXGroup;
			children = (
				4C58F28D1A1807300008DB7C /* Info.plist */,
			);
			name = "Supporting Files";
			sourceTree = "<group>";
		};
/* End PBXGroup section */

/* Begin PBXNativeTarget section */
		4C58F26E1A1807300008DB7C /* Set Calculator App */ = {
			isa = PBXNativeTarget;
			buildConfigurationList = 4C58F2921A1807300008DB7C /* Build configuration list for PBXNativeTarget "Set Calculator App" */;
			buildPhases = (
				4C58F26B1A1807300008DB7C /* Sources */,
				4C58F26C1A1807300008DB7C /* Frameworks */,
				4C58F26D1A1807300008DB7C /* Resources */,
			);
			buildRules = (
			);
			dependencies = (
			);
			name = "Set Calculator App";
			productName = "Set Calculator App";
			productReference = 4C58F26F1A1807300008DB7C /* Set Calculator App.app */;
			productType = "com.apple.product-type.application";
		};
		4C58F2871A1807300008DB7C /* Set Calculator AppTests */ = {
			isa = PBXNativeTarget;
			buildConfigurationList = 4C58F2951A1807300008DB7C /* Build configuration list for PBXNativeTarget "Set Calculator AppTests" */;
			buildPhases = (
				4C58F2841A1807300008DB7C /* Sources */,
				4C58F2851A1807300008DB7C /* Frameworks */,
				4C58F2861A1807300008DB7C /* Resources */,
			);
			buildRules = (
			);
			dependencies = (
				4C58F28A1A1807300008DB7C /* PBXTargetDependency */,
			);
			name = "Set Calculator AppTests";
			productName = "Set Calculator AppTests";
			productReference = 4C58F2881A1807300008DB7C /* Set Calculator AppTests.xctest */;
			productType = "com.apple.product-type.bundle.unit-test";
		};
/* End PBXNativeTarget section */

/* Begin PBXProject section */
		4C58F2671A1807300008DB7C /* Project object */ = {
			isa = PBXProject;
			attributes = {
				LastUpgradeCheck = 0610;
				ORGANIZATIONNAME = "Shanmathi Mayuram Krithivasan";
				TargetAttributes = {
					4C58F26E1A1807300008DB7C = {
						CreatedOnToolsVersion = 6.1;
					};
					4C58F2871A1807300008DB7C = {
						CreatedOnToolsVersion = 6.1;
						TestTargetID = 4C58F26E1A1807300008DB7C;
					};
				};
			};
			buildConfigurationList = 4C58F26A1A1807300008DB7C /* Build configuration list for PBXProject "Set Calculator App" */;
			compatibilityVersion = "Xcode 3.2";
			developmentRegion = English;
			hasScannedForEncodings = 0;
			knownRegions = (
				en,
				Base,
			);
			mainGroup = 4C58F2661A1807300008DB7C;
			productRefGroup = 4C58F2701A1807300008DB7C /* Products */;
			projectDirPath = "";
			projectRoot = "";
			targets = (
				4C58F26E1A1807300008DB7C /* Set Calculator App */,
				4C58F2871A1807300008DB7C /* Set Calculator AppTests */,
			);
		};
/* End PBXProject section */

/* Begin PBXResourcesBuildPhase section */
		4C58F26D1A1807300008DB7C /* Resources */ = {
			isa = PBXResourcesBuildPhase;
			buildActionMask = 2147483647;
			files = (
				4C58F27E1A1807300008DB7C /* Main.storyboard in Resources */,
				4C58F2831A1807300008DB7C /* LaunchScreen.xib in Resources */,
				4C58F2801A1807300008DB7C /* Images.xcassets in Resources */,
			);
			runOnlyForDeploymentPostprocessing = 0;
		};
		4C58F2861A1807300008DB7C /* Resources */ = {
			isa = PBXResourcesBuildPhase;
			buildActionMask = 2147483647;
			files = (
			);
			runOnlyForDeploymentPostprocessing = 0;
		};
/* End PBXResourcesBuildPhase section */

/* Begin PBXSourcesBuildPhase section */
		4C58F26B1A1807300008DB7C /* Sources */ = {
			isa = PBXSourcesBuildPhase;
			buildActionMask = 2147483647;
			files = (
				4C58F27B1A1807300008DB7C /* ViewController.m in Sources */,
				4C58F2781A1807300008DB7C /* AppDelegate.m in Sources */,
				4C58F2751A1807300008DB7C /* main.m in Sources */,
			);
			runOnlyForDeploymentPostprocessing = 0;
		};
		4C58F2841A1807300008DB7C /* Sources */ = {
			isa = PBXSourcesBuildPhase;
			buildActionMask = 2147483647;
			files = (
				4C58F28F1A1807300008DB7C /* Set_Calculator_AppTests.m in Sources */,
			);
			runOnlyForDeploymentPostprocessing = 0;
		};
/* End PBXSourcesBuildPhase section */

/* Begin PBXTargetDependency section */
		4C58F28A1A1807300008DB7C /* PBXTargetDependency */ = {
			isa = PBXTargetDependency;
			target = 4C58F26E1A1807300008DB7C /* Set Calculator App */;
			targetProxy = 4C58F2891A1807300008DB7C /* PBXContainerItemProxy */;
		};
/* End PBXTargetDependency section */

/* Begin PBXVariantGroup section */
		4C58F27C1A1807300008DB7C /* Main.storyboard */ = {
			isa = PBXVariantGroup;
			children = (
				4C58F27D1A1807300008DB7C /* Base */,
			);
			name = Main.storyboard;
			sourceTree = "<group>";
		};
		4C58F2811A1807300008DB7C /* LaunchScreen.xib */ = {
			isa = PBXVariantGroup;
			children = (
				4C58F2821A1807300008DB7C /* Base */,
			);
			name = LaunchScreen.xib;
			sourceTree = "<group>";
		};
/* End PBXVariantGroup section */

/* Begin XCBuildConfiguration section */
		4C58F2901A1807300008DB7C /* Debug */ = {
			isa = XCBuildConfiguration;
			buildSettings = {
				ALWAYS_SEARCH_USER_PATHS = NO;
				CLANG_CXX_LANGUAGE_STANDARD = "gnu++0x";
				CLANG_CXX_LIBRARY = "libc++";
				CLANG_ENABLE_MODULES = YES;
				CLANG_ENABLE_OBJC_ARC = YES;
				CLANG_WARN_BOOL_CONVERSION = YES;
				CLANG_WARN_CONSTANT_CONVERSION = YES;
				CLANG_WARN_DIRECT_OBJC_ISA_USAGE = YES_ERROR;
				CLANG_WARN_EMPTY_BODY = YES;
				CLANG_WARN_ENUM_CONVERSION = YES;
				CLANG_WARN_INT_CONVERSION = YES;
				CLANG_WARN_OBJC_ROOT_CLASS = YES_ERROR;
				CLANG_WARN_UNREACHABLE_CODE = YES;
				CLANG_WARN__DUPLICATE_METHOD_MATCH = YES;
				"CODE_SIGN_IDENTITY[sdk=iphoneos*]" = "iPhone Developer";
				COPY_PHASE_STRIP = NO;
				ENABLE_STRICT_OBJC_MSGSEND = YES;
				GCC_C_LANGUAGE_STANDARD = gnu99;
				GCC_DYNAMIC_NO_PIC = NO;
				GCC_OPTIMIZATION_LEVEL = 0;
				GCC_PREPROCESSOR_DEFINITIONS = (
					"DEBUG=1",
					"$(inherited)",
				);
				GCC_SYMBOLS_PRIVATE_EXTERN = NO;
				GCC_WARN_64_TO_32_BIT_CONVERSION = YES;
				GCC_WARN_ABOUT_RETURN_TYPE = YES_ERROR;
				GCC_WARN_UNDECLARED_SELECTOR = YES;
				GCC_WARN_UNINITIALIZED_AUTOS = YES_AGGRESSIVE;
				GCC_WARN_UNUSED_FUNCTION = YES;
				GCC_WARN_UNUSED_VARIABLE = YES;
				IPHONEOS_DEPLOYMENT_TARGET = 8.1;
				MTL_ENABLE_DEBUG_INFO = YES;
				ONLY_ACTIVE_ARCH = YES;
				SDKROOT = iphoneos;
			};
			name = Debug;
		};
		4C58F2911A1807300008DB7C /* Release */ = {
			isa = XCBuildConfiguration;
			buildSettings = {
				ALWAYS_SEARCH_USER_PATHS = NO;
				CLANG_CXX_LANGUAGE_STANDARD = "gnu++0x";
				CLANG_CXX_LIBRARY = "libc++";
				CLANG_ENABLE_MODULES = YES;
				CLANG_ENABLE_OBJC_ARC = YES;
				CLANG_WARN_BOOL_CONVERSION = YES;
				CLANG_WARN_CONSTANT_CONVERSION = YES;
				CLANG_WARN_DIRECT_OBJC_ISA_USAGE = YES_ERROR;
				CLANG_WARN_EMPTY_BODY = YES;
				CLANG_WARN_ENUM_CONVERSION = YES;
				CLANG_WARN_INT_CONVERSION = YES;
				CLANG_WARN_OBJC_ROOT_CLASS = YES_ERROR;
				CLANG_WARN_UNREACHABLE_CODE = YES;
				CLANG_WARN__DUPLICATE_METHOD_MATCH = YES;
				"CODE_SIGN_IDENTITY[sdk=iphoneos*]" = "iPhone Developer";
				COPY_PHASE_STRIP = YES;
				ENABLE_NS_ASSERTIONS = NO;
				ENABLE_STRICT_OBJC_MSGSEND = YES;
				GCC_C_LANGUAGE_STANDARD = gnu99;
				GCC_WARN_64_TO_32_BIT_CONVERSION = YES;
				GCC_WARN_ABOUT_RETURN_TYPE = YES_ERROR;
				GCC_WARN_UNDECLARED_SELECTOR = YES;
				GCC_WARN_UNINITIALIZED_AUTOS = YES_AGGRESSIVE;
				GCC_WARN_UNUSED_FUNCTION = YES;
				GCC_WARN_UNUSED_VARIABLE = YES;
				IPHONEOS_DEPLOYMENT_TARGET = 8.1;
				MTL_ENABLE_DEBUG_INFO = NO;
				SDKROOT = iphoneos;
				VALIDATE_PRODUCT = YES;
			};
			name = Release;
		};
		4C58F2931A1807300008DB7C /* Debug */ = {
			isa = XCBuildConfiguration;
			buildSettings = {
				ASSETCATALOG_COMPILER_APPICON_NAME = AppIcon;
				INFOPLIST_FILE = "Set Calculator App/Info.plist";
				LD_RUNPATH_SEARCH_PATHS = "$(inherited) @executable_path/Frameworks";
				PRODUCT_NAME = "$(TARGET_NAME)";
			};
			name = Debug;
		};
		4C58F2941A1807300008DB7C /* Release */ = {
			isa = XCBuildConfiguration;
			buildSettings = {
				ASSETCATALOG_COMPILER_APPICON_NAME = AppIcon;
				INFOPLIST_FILE = "Set Calculator App/Info.plist";
				LD_RUNPATH_SEARCH_PATHS = "$(inherited) @executable_path/Frameworks";
				PRODUCT_NAME = "$(TARGET_NAME)";
			};
			name = Release;
		};
		4C58F2961A1807300008DB7C /* Debug */ = {
			isa = XCBuildConfiguration;
			buildSettings = {
				BUNDLE_LOADER = "$(TEST_HOST)";
				FRAMEWORK_SEARCH_PATHS = (
					"$(SDKROOT)/Developer/Library/Frameworks",
					"$(inherited)",
				);
				GCC_PREPROCESSOR_DEFINITIONS = (
					"DEBUG=1",
					"$(inherited)",
				);
				INFOPLIST_FILE = "Set Calculator AppTests/Info.plist";
				LD_RUNPATH_SEARCH_PATHS = "$(inherited) @executable_path/Frameworks @loader_path/Frameworks";
				PRODUCT_NAME = "$(TARGET_NAME)";
				TEST_HOST = "$(BUILT_PRODUCTS_DIR)/Set Calculator App.app/Set Calculator App";
			};
			name = Debug;
		};
		4C58F2971A1807300008DB7C /* Release */ = {
			isa = XCBuildConfiguration;
			buildSettings = {
				BUNDLE_LOADER = "$(TEST_HOST)";
				FRAMEWORK_SEARCH_PATHS = (
					"$(SDKROOT)/Developer/Library/Frameworks",
					"$(inherited)",
				);
				INFOPLIST_FILE = "Set Calculator AppTests/Info.plist";
				LD_RUNPATH_SEARCH_PATHS = "$(inherited) @executable_path/Frameworks @loader_path/Frameworks";
				PRODUCT_NAME = "$(TARGET_NAME)";
				TEST_HOST = "$(BUILT_PRODUCTS_DIR)/Set Calculator App.app/Set Calculator App";
			};
			name = Release;
		};
/* End XCBuildConfiguration section */

/* Begin XCConfigurationList section */
		4C58F26A1A1807300008DB7C /* Build configuration list for PBXProject "Set Calculator App" */ = {
			isa = XCConfigurationList;
			buildConfigurations = (
				4C58F2901A1807300008DB7C /* Debug */,
				4C58F2911A1807300008DB7C /* Release */,
			);
			defaultConfigurationIsVisible = 0;
			defaultConfigurationName = Release;
		};
		4C58F2921A1807300008DB7C /* Build configuration list for PBXNativeTarget "Set Calculator App" */ = {
			isa = XCConfigurationList;
			buildConfigurations = (
				4C58F2931A1807300008DB7C /* Debug */,
				4C58F2941A1807300008DB7C /* Release */,
			);
			defaultConfigurationIsVisible = 0;
		};
		4C58F2951A1807300008DB7C /* Build configuration list for PBXNativeTarget "Set Calculator AppTests" */ = {
			isa = XCConfigurationList;
			buildConfigurations = (
				4C58F2961A1807300008DB7C /* Debug */,
				4C58F2971A1807300008DB7C /* Release */,
			);
			defaultConfigurationIsVisible = 0;
		};
/* End XCConfigurationList section */
	};
	rootObject = 4C58F2671A1807300008DB7C /* Project object */;
}
